
Microsoft Visual Studio Solution File, Format Version 12.00
# Visual Studio Version 17
VisualStudioVersion = 17.8.34322.80
MinimumVisualStudioVersion = 10.0.40219.1
Project("{FAE04EC0-301F-11D3-BF4B-00C04F79EFBC}") = "EshopWeb", "EshopWeb\EshopWeb.csproj", "{0D82E524-C20E-4C59-854E-760EB1455736}"
EndProject
Project("{FAE04EC0-301F-11D3-BF4B-00C04F79EFBC}") = "Eshop.DataAccess", "Eshop.DataAccess\Eshop.DataAccess.csproj", "{C3FEC126-580A-46B6-A327-AEE249C61B9A}"
EndProject
Project("{FAE04EC0-301F-11D3-BF4B-00C04F79EFBC}") = "Eshop.Models", "Eshop.Models\Eshop.Models.csproj", "{A30A2A5F-A997-4DD1-9BB0-CB4B11902079}"
EndProject
Project("{FAE04EC0-301F-11D3-BF4B-00C04F79EFBC}") = "Eshop.Utility", "Eshop.Utility\Eshop.Utility.csproj", "{060802C2-7E07-4967-B5A9-702E4046A164}"
EndProject
Global
	GlobalSection(SolutionConfigurationPlatforms) = preSolution
		Debug|Any CPU = Debug|Any CPU
		Release|Any CPU = Release|Any CPU
	EndGlobalSection
	GlobalSection(ProjectConfigurationPlatforms) = postSolution
		{0D82E524-C20E-4C59-854E-760EB1455736}.Debug|Any CPU.ActiveCfg = Debug|Any CPU
		{0D82E524-C20E-4C59-854E-760EB1455736}.Debug|Any CPU.Build.0 = Debug|Any CPU
		{0D82E524-C20E-4C59-854E-760EB1455736}.Release|Any CPU.ActiveCfg = Release|Any CPU
		{0D82E524-C20E-4C59-854E-760EB1455736}.Release|Any CPU.Build.0 = Release|Any CPU
		{C3FEC126-580A-46B6-A327-AEE249C61B9A}.Debug|Any CPU.ActiveCfg = Debug|Any CPU
		{C3FEC126-580A-46B6-A327-AEE249C61B9A}.Debug|Any CPU.Build.0 = Debug|Any CPU
		{C3FEC126-580A-46B6-A327-AEE249C61B9A}.Release|Any CPU.ActiveCfg = Release|Any CPU
		{C3FEC126-580A-46B6-A327-AEE249C61B9A}.Release|Any CPU.Build.0 = Release|Any CPU
		{A30A2A5F-A997-4DD1-9BB0-CB4B11902079}.Debug|Any CPU.ActiveCfg = Debug|Any CPU
		{A30A2A5F-A997-4DD1-9BB0-CB4B11902079}.Debug|Any CPU.Build.0 = Debug|Any CPU
		{A30A2A5F-A997-4DD1-9BB0-CB4B11902079}.Release|Any CPU.ActiveCfg = Release|Any CPU
		{A30A2A5F-A997-4DD1-9BB0-CB4B11902079}.Release|Any CPU.Build.0 = Release|Any CPU
		{060802C2-7E07-4967-B5A9-702E4046A164}.Debug|Any CPU.ActiveCfg = Debug|Any CPU
		{060802C2-7E07-4967-B5A9-702E4046A164}.Debug|Any CPU.Build.0 = Debug|Any CPU
		{060802C2-7E07-4967-B5A9-702E4046A164}.Release|Any CPU.ActiveCfg = Release|Any CPU
		{060802C2-7E07-4967-B5A9-702E4046A164}.Release|Any CPU.Build.0 = Release|Any CPU
	EndGlobalSection
	GlobalSection(SolutionProperties) = preSolution
		HideSolutionNode = FALSE
	EndGlobalSection
	GlobalSection(ExtensibilityGlobals) = postSolution
		SolutionGuid = {2244A8AF-1609-4C15-9C30-84403CCD7896}
	EndGlobalSection
EndGlobal
